
Microsoft Visual Studio Solution File, Format Version 12.00
# Visual Studio Version 17
VisualStudioVersion = 17.5.33424.131
MinimumVisualStudioVersion = 10.0.40219.1
Project("{9A19103F-16F7-4668-BE54-9A1E7A4F7556}") = "Homework_class02", "Homework_class02.csproj", "{9FFE4625-D8EE-466C-BD05-4C0A36F1C220}"
EndProject
Project("{9A19103F-16F7-4668-BE54-9A1E7A4F7556}") = "Models3", "..\Models3\Models3.csproj", "{42C01C4B-7250-4BC8-A166-C0CC05FABB73}"
EndProject
Project("{9A19103F-16F7-4668-BE54-9A1E7A4F7556}") = "Homework_class02_task02", "..\..\AbstractClassInterfaces_HW2\Homework_class02_task02\Homework_class02_task02.csproj", "{B80A2C84-68B3-4D9B-B08C-F8DD66751AA4}"
EndProject
Project("{9A19103F-16F7-4668-BE54-9A1E7A4F7556}") = "Models4", "..\..\AbstractClassInterfaces_HW2\Models4\Models4.csproj", "{B1B83920-C10C-4214-AC0D-911C839063B9}"
EndProject
Global
	GlobalSection(SolutionConfigurationPlatforms) = preSolution
		Debug|Any CPU = Debug|Any CPU
		Release|Any CPU = Release|Any CPU
	EndGlobalSection
	GlobalSection(ProjectConfigurationPlatforms) = postSolution
		{9FFE4625-D8EE-466C-BD05-4C0A36F1C220}.Debug|Any CPU.ActiveCfg = Debug|Any CPU
		{9FFE4625-D8EE-466C-BD05-4C0A36F1C220}.Debug|Any CPU.Build.0 = Debug|Any CPU
		{9FFE4625-D8EE-466C-BD05-4C0A36F1C220}.Release|Any CPU.ActiveCfg = Release|Any CPU
		{9FFE4625-D8EE-466C-BD05-4C0A36F1C220}.Release|Any CPU.Build.0 = Release|Any CPU
		{42C01C4B-7250-4BC8-A166-C0CC05FABB73}.Debug|Any CPU.ActiveCfg = Debug|Any CPU
		{42C01C4B-7250-4BC8-A166-C0CC05FABB73}.Debug|Any CPU.Build.0 = Debug|Any CPU
		{42C01C4B-7250-4BC8-A166-C0CC05FABB73}.Release|Any CPU.ActiveCfg = Release|Any CPU
		{42C01C4B-7250-4BC8-A166-C0CC05FABB73}.Release|Any CPU.Build.0 = Release|Any CPU
		{B80A2C84-68B3-4D9B-B08C-F8DD66751AA4}.Debug|Any CPU.ActiveCfg = Debug|Any CPU
		{B80A2C84-68B3-4D9B-B08C-F8DD66751AA4}.Debug|Any CPU.Build.0 = Debug|Any CPU
		{B80A2C84-68B3-4D9B-B08C-F8DD66751AA4}.Release|Any CPU.ActiveCfg = Release|Any CPU
		{B80A2C84-68B3-4D9B-B08C-F8DD66751AA4}.Release|Any CPU.Build.0 = Release|Any CPU
		{B1B83920-C10C-4214-AC0D-911C839063B9}.Debug|Any CPU.ActiveCfg = Debug|Any CPU
		{B1B83920-C10C-4214-AC0D-911C839063B9}.Debug|Any CPU.Build.0 = Debug|Any CPU
		{B1B83920-C10C-4214-AC0D-911C839063B9}.Release|Any CPU.ActiveCfg = Release|Any CPU
		{B1B83920-C10C-4214-AC0D-911C839063B9}.Release|Any CPU.Build.0 = Release|Any CPU
	EndGlobalSection
	GlobalSection(SolutionProperties) = preSolution
		HideSolutionNode = FALSE
	EndGlobalSection
	GlobalSection(ExtensibilityGlobals) = postSolution
		SolutionGuid = {9C6A0B73-067D-4E66-B9E9-8C1FC0F79A35}
	EndGlobalSection
EndGlobal
